
Microsoft Visual Studio Solution File, Format Version 12.00
# Visual Studio Version 17
VisualStudioVersion = 17.11.34929.205
MinimumVisualStudioVersion = 10.0.40219.1
Project("{FAE04EC0-301F-11D3-BF4B-00C04F79EFBC}") = "slnspy", "slnspy.csproj", "{D5FB8013-F92D-4BE9-A561-C8DDAF6A54AD}"
EndProject
Global
	GlobalSection(SolutionConfigurationPlatforms) = preSolution
		Debug|Any CPU = Debug|Any CPU
		Release|Any CPU = Release|Any CPU
	EndGlobalSection
	GlobalSection(ProjectConfigurationPlatforms) = postSolution
		{D5FB8013-F92D-4BE9-A561-C8DDAF6A54AD}.Debug|Any CPU.ActiveCfg = Debug|Any CPU
		{D5FB8013-F92D-4BE9-A561-C8DDAF6A54AD}.Debug|Any CPU.Build.0 = Debug|Any CPU
		{D5FB8013-F92D-4BE9-A561-C8DDAF6A54AD}.Release|Any CPU.ActiveCfg = Release|Any CPU
		{D5FB8013-F92D-4BE9-A561-C8DDAF6A54AD}.Release|Any CPU.Build.0 = Release|Any CPU
	EndGlobalSection
	GlobalSection(SolutionProperties) = preSolution
		HideSolutionNode = FALSE
	EndGlobalSection
	GlobalSection(ExtensibilityGlobals) = postSolution
		SolutionGuid = {E0AE4343-0474-4BBC-B626-2CF58D608222}
	EndGlobalSection
EndGlobal
